// !$*UTF8*$!
{
	archiveVersion = 1;
	classes = {
	};
	objectVersion = 51;
	objects = {

/* Begin PBXBuildFile section */
		06BB7837D0700FDFB161CF7D /* Pods_DITestApp.framework in Frameworks */ = {isa = PBXBuildFile; fileRef = 22BA20A527F11AA705F343C4 /* Pods_DITestApp.framework */; };
		5062BE1423A2A27B007B5C14 /* NetworkService.swift in Sources */ = {isa = PBXBuildFile; fileRef = 5062BE1323A2A27B007B5C14 /* NetworkService.swift */; };
		5062BE1623A2A2A0007B5C14 /* StorageService.swift in Sources */ = {isa = PBXBuildFile; fileRef = 5062BE1523A2A2A0007B5C14 /* StorageService.swift */; };
		5062BE1823A2A2E7007B5C14 /* Story2Assembly.swift in Sources */ = {isa = PBXBuildFile; fileRef = 5062BE1723A2A2E7007B5C14 /* Story2Assembly.swift */; };
		50BE29BC23A25EFF00880C9D /* AppDelegate.swift in Sources */ = {isa = PBXBuildFile; fileRef = 50BE29BB23A25EFF00880C9D /* AppDelegate.swift */; };
		50BE29BE23A25EFF00880C9D /* SceneDelegate.swift in Sources */ = {isa = PBXBuildFile; fileRef = 50BE29BD23A25EFF00880C9D /* SceneDelegate.swift */; };
		50BE29C023A25EFF00880C9D /* ViewController.swift in Sources */ = {isa = PBXBuildFile; fileRef = 50BE29BF23A25EFF00880C9D /* ViewController.swift */; };
		50BE29C323A25EFF00880C9D /* Main.storyboard in Resources */ = {isa = PBXBuildFile; fileRef = 50BE29C123A25EFF00880C9D /* Main.storyboard */; };
		50BE29C523A25F0000880C9D /* Assets.xcassets in Resources */ = {isa = PBXBuildFile; fileRef = 50BE29C423A25F0000880C9D /* Assets.xcassets */; };
		50BE29C823A25F0000880C9D /* LaunchScreen.storyboard in Resources */ = {isa = PBXBuildFile; fileRef = 50BE29C623A25F0000880C9D /* LaunchScreen.storyboard */; };
		50BE29D623A2978200880C9D /* Router.swift in Sources */ = {isa = PBXBuildFile; fileRef = 50BE29D523A2978200880C9D /* Router.swift */; };
		50BE29DB23A297D900880C9D /* ApplicationAssembly.swift in Sources */ = {isa = PBXBuildFile; fileRef = 50BE29DA23A297D900880C9D /* ApplicationAssembly.swift */; };
		50BE29DD23A297E500880C9D /* StoryAssembly.swift in Sources */ = {isa = PBXBuildFile; fileRef = 50BE29DC23A297E500880C9D /* StoryAssembly.swift */; };
		50BE29E923A29AB100880C9D /* InitialViewController.swift in Sources */ = {isa = PBXBuildFile; fileRef = 50BE29E623A29AB100880C9D /* InitialViewController.swift */; };
		50BE29EA23A29AB100880C9D /* SecondViewController.swift in Sources */ = {isa = PBXBuildFile; fileRef = 50BE29E823A29AB100880C9D /* SecondViewController.swift */; };
		50BE29EC23A29AC100880C9D /* InitialInteractor.swift in Sources */ = {isa = PBXBuildFile; fileRef = 50BE29EB23A29AC100880C9D /* InitialInteractor.swift */; };
		50BE29EE23A29AEF00880C9D /* SecondInteractor.swift in Sources */ = {isa = PBXBuildFile; fileRef = 50BE29ED23A29AEF00880C9D /* SecondInteractor.swift */; };
/* End PBXBuildFile section */

/* Begin PBXFileReference section */
		22BA20A527F11AA705F343C4 /* Pods_DITestApp.framework */ = {isa = PBXFileReference; explicitFileType = wrapper.framework; includeInIndex = 0; path = Pods_DITestApp.framework; sourceTree = BUILT_PRODUCTS_DIR; };
		4BD4FAD2A53CDB31EE6EB97B /* Pods-DITestApp.release.xcconfig */ = {isa = PBXFileReference; includeInIndex = 1; lastKnownFileType = text.xcconfig; name = "Pods-DITestApp.release.xcconfig"; path = "Target Support Files/Pods-DITestApp/Pods-DITestApp.release.xcconfig"; sourceTree = "<group>"; };
		5062BE1323A2A27B007B5C14 /* NetworkService.swift */ = {isa = PBXFileReference; fileEncoding = 4; lastKnownFileType = sourcecode.swift; path = NetworkService.swift; sourceTree = "<group>"; };
		5062BE1523A2A2A0007B5C14 /* StorageService.swift */ = {isa = PBXFileReference; lastKnownFileType = sourcecode.swift; path = StorageService.swift; sourceTree = "<group>"; };
		5062BE1723A2A2E7007B5C14 /* Story2Assembly.swift */ = {isa = PBXFileReference; lastKnownFileType = sourcecode.swift; path = Story2Assembly.swift; sourceTree = "<group>"; };
		50BE29B823A25EFF00880C9D /* DITestApp.app */ = {isa = PBXFileReference; explicitFileType = wrapper.application; includeInIndex = 0; path = DITestApp.app; sourceTree = BUILT_PRODUCTS_DIR; };
		50BE29BB23A25EFF00880C9D /* AppDelegate.swift */ = {isa = PBXFileReference; lastKnownFileType = sourcecode.swift; path = AppDelegate.swift; sourceTree = "<group>"; };
		50BE29BD23A25EFF00880C9D /* SceneDelegate.swift */ = {isa = PBXFileReference; lastKnownFileType = sourcecode.swift; path = SceneDelegate.swift; sourceTree = "<group>"; };
		50BE29BF23A25EFF00880C9D /* ViewController.swift */ = {isa = PBXFileReference; lastKnownFileType = sourcecode.swift; path = ViewController.swift; sourceTree = "<group>"; };
		50BE29C223A25EFF00880C9D /* Base */ = {isa = PBXFileReference; lastKnownFileType = file.storyboard; name = Base; path = Base.lproj/Main.storyboard; sourceTree = "<group>"; };
		50BE29C423A25F0000880C9D /* Assets.xcassets */ = {isa = PBXFileReference; lastKnownFileType = folder.assetcatalog; path = Assets.xcassets; sourceTree = "<group>"; };
		50BE29C723A25F0000880C9D /* Base */ = {isa = PBXFileReference; lastKnownFileType = file.storyboard; name = Base; path = Base.lproj/LaunchScreen.storyboard; sourceTree = "<group>"; };
		50BE29C923A25F0000880C9D /* Info.plist */ = {isa = PBXFileReference; lastKnownFileType = text.plist.xml; path = Info.plist; sourceTree = "<group>"; };
		50BE29D523A2978200880C9D /* Router.swift */ = {isa = PBXFileReference; fileEncoding = 4; lastKnownFileType = sourcecode.swift; path = Router.swift; sourceTree = "<group>"; };
		50BE29DA23A297D900880C9D /* ApplicationAssembly.swift */ = {isa = PBXFileReference; fileEncoding = 4; lastKnownFileType = sourcecode.swift; path = ApplicationAssembly.swift; sourceTree = "<group>"; };
		50BE29DC23A297E500880C9D /* StoryAssembly.swift */ = {isa = PBXFileReference; lastKnownFileType = sourcecode.swift; path = StoryAssembly.swift; sourceTree = "<group>"; };
		50BE29E623A29AB100880C9D /* InitialViewController.swift */ = {isa = PBXFileReference; fileEncoding = 4; lastKnownFileType = sourcecode.swift; path = InitialViewController.swift; sourceTree = "<group>"; };
		50BE29E823A29AB100880C9D /* SecondViewController.swift */ = {isa = PBXFileReference; fileEncoding = 4; lastKnownFileType = sourcecode.swift; path = SecondViewController.swift; sourceTree = "<group>"; };
		50BE29EB23A29AC100880C9D /* InitialInteractor.swift */ = {isa = PBXFileReference; lastKnownFileType = sourcecode.swift; path = InitialInteractor.swift; sourceTree = "<group>"; };
		50BE29ED23A29AEF00880C9D /* SecondInteractor.swift */ = {isa = PBXFileReference; lastKnownFileType = sourcecode.swift; path = SecondInteractor.swift; sourceTree = "<group>"; };
		F804B50793D921609C65C3A2 /* Pods-DITestApp.debug.xcconfig */ = {isa = PBXFileReference; includeInIndex = 1; lastKnownFileType = text.xcconfig; name = "Pods-DITestApp.debug.xcconfig"; path = "Target Support Files/Pods-DITestApp/Pods-DITestApp.debug.xcconfig"; sourceTree = "<group>"; };
/* End PBXFileReference section */

/* Begin PBXFrameworksBuildPhase section */
		50BE29B523A25EFE00880C9D /* Frameworks */ = {
			isa = PBXFrameworksBuildPhase;
			buildActionMask = 2147483647;
			files = (
				06BB7837D0700FDFB161CF7D /* Pods_DITestApp.framework in Frameworks */,
			);
			runOnlyForDeploymentPostprocessing = 0;
		};
/* End PBXFrameworksBuildPhase section */

/* Begin PBXGroup section */
		5062BE1223A2A27B007B5C14 /* Services */ = {
			isa = PBXGroup;
			children = (
				5062BE1323A2A27B007B5C14 /* NetworkService.swift */,
				5062BE1523A2A2A0007B5C14 /* StorageService.swift */,
			);
			path = Services;
			sourceTree = "<group>";
		};
		50BE29AF23A25EFE00880C9D = {
			isa = PBXGroup;
			children = (
				50BE29BA23A25EFF00880C9D /* DITestApp */,
				50BE29B923A25EFF00880C9D /* Products */,
				6642FF149F65FC0D278A2AF6 /* Pods */,
				88A05D004EF6D53832DC1767 /* Frameworks */,
			);
			sourceTree = "<group>";
		};
		50BE29B923A25EFF00880C9D /* Products */ = {
			isa = PBXGroup;
			children = (
				50BE29B823A25EFF00880C9D /* DITestApp.app */,
			);
			name = Products;
			sourceTree = "<group>";
		};
		50BE29BA23A25EFF00880C9D /* DITestApp */ = {
			isa = PBXGroup;
			children = (
				50BE29D323A2978200880C9D /* Classes */,
				50BE29BB23A25EFF00880C9D /* AppDelegate.swift */,
				50BE29BD23A25EFF00880C9D /* SceneDelegate.swift */,
				50BE29BF23A25EFF00880C9D /* ViewController.swift */,
				50BE29C123A25EFF00880C9D /* Main.storyboard */,
				50BE29C423A25F0000880C9D /* Assets.xcassets */,
				50BE29C623A25F0000880C9D /* LaunchScreen.storyboard */,
				50BE29C923A25F0000880C9D /* Info.plist */,
			);
			path = DITestApp;
			sourceTree = "<group>";
		};
		50BE29D323A2978200880C9D /* Classes */ = {
			isa = PBXGroup;
			children = (
				5062BE1223A2A27B007B5C14 /* Services */,
				50BE29E023A29A5C00880C9D /* Screen */,
				50BE29D923A297D900880C9D /* Assembly */,
				50BE29D423A2978200880C9D /* Router */,
			);
			path = Classes;
			sourceTree = "<group>";
		};
		50BE29D423A2978200880C9D /* Router */ = {
			isa = PBXGroup;
			children = (
				50BE29D523A2978200880C9D /* Router.swift */,
			);
			path = Router;
			sourceTree = "<group>";
		};
		50BE29D923A297D900880C9D /* Assembly */ = {
			isa = PBXGroup;
			children = (
				50BE29DA23A297D900880C9D /* ApplicationAssembly.swift */,
				50BE29DC23A297E500880C9D /* StoryAssembly.swift */,
				5062BE1723A2A2E7007B5C14 /* Story2Assembly.swift */,
			);
			path = Assembly;
			sourceTree = "<group>";
		};
		50BE29E023A29A5C00880C9D /* Screen */ = {
			isa = PBXGroup;
			children = (
				50BE29E523A29AB100880C9D /* Initial */,
				50BE29E723A29AB100880C9D /* Second */,
			);
			path = Screen;
			sourceTree = "<group>";
		};
		50BE29E523A29AB100880C9D /* Initial */ = {
			isa = PBXGroup;
			children = (
				50BE29E623A29AB100880C9D /* InitialViewController.swift */,
				50BE29EB23A29AC100880C9D /* InitialInteractor.swift */,
			);
			path = Initial;
			sourceTree = "<group>";
		};
		50BE29E723A29AB100880C9D /* Second */ = {
			isa = PBXGroup;
			children = (
				50BE29E823A29AB100880C9D /* SecondViewController.swift */,
				50BE29ED23A29AEF00880C9D /* SecondInteractor.swift */,
			);
			path = Second;
			sourceTree = "<group>";
		};
		6642FF149F65FC0D278A2AF6 /* Pods */ = {
			isa = PBXGroup;
			children = (
				F804B50793D921609C65C3A2 /* Pods-DITestApp.debug.xcconfig */,
				4BD4FAD2A53CDB31EE6EB97B /* Pods-DITestApp.release.xcconfig */,
			);
			path = Pods;
			sourceTree = "<group>";
		};
		88A05D004EF6D53832DC1767 /* Frameworks */ = {
			isa = PBXGroup;
			children = (
				22BA20A527F11AA705F343C4 /* Pods_DITestApp.framework */,
			);
			name = Frameworks;
			sourceTree = "<group>";
		};
/* End PBXGroup section */

/* Begin PBXNativeTarget section */
		50BE29B723A25EFE00880C9D /* DITestApp */ = {
			isa = PBXNativeTarget;
			buildConfigurationList = 50BE29CC23A25F0000880C9D /* Build configuration list for PBXNativeTarget "DITestApp" */;
			buildPhases = (
				C34D5793254DB1C32C53DCB9 /* [CP] Check Pods Manifest.lock */,
				50BE29B423A25EFE00880C9D /* Sources */,
				50BE29B523A25EFE00880C9D /* Frameworks */,
				50BE29B623A25EFE00880C9D /* Resources */,
				CF3811042A227FFD7BD1D843 /* [CP] Embed Pods Frameworks */,
			);
			buildRules = (
			);
			dependencies = (
			);
			name = DITestApp;
			productName = DITestApp;
			productReference = 50BE29B823A25EFF00880C9D /* DITestApp.app */;
			productType = "com.apple.product-type.application";
		};
/* End PBXNativeTarget section */

/* Begin PBXProject section */
		50BE29B023A25EFE00880C9D /* Project object */ = {
			isa = PBXProject;
			attributes = {
				LastSwiftUpdateCheck = 1130;
				LastUpgradeCheck = 1130;
				ORGANIZATIONNAME = "Oleksandr Kazmin";
				TargetAttributes = {
					50BE29B723A25EFE00880C9D = {
						CreatedOnToolsVersion = 11.3;
					};
				};
			};
			buildConfigurationList = 50BE29B323A25EFE00880C9D /* Build configuration list for PBXProject "DITestApp" */;
			compatibilityVersion = "Xcode 9.3";
			developmentRegion = en;
			hasScannedForEncodings = 0;
			knownRegions = (
				en,
				Base,
			);
			mainGroup = 50BE29AF23A25EFE00880C9D;
			productRefGroup = 50BE29B923A25EFF00880C9D /* Products */;
			projectDirPath = "";
			projectRoot = "";
			targets = (
				50BE29B723A25EFE00880C9D /* DITestApp */,
			);
		};
/* End PBXProject section */

/* Begin PBXResourcesBuildPhase section */
		50BE29B623A25EFE00880C9D /* Resources */ = {
			isa = PBXResourcesBuildPhase;
			buildActionMask = 2147483647;
			files = (
				50BE29C823A25F0000880C9D /* LaunchScreen.storyboard in Resources */,
				50BE29C523A25F0000880C9D /* Assets.xcassets in Resources */,
				50BE29C323A25EFF00880C9D /* Main.storyboard in Resources */,
			);
			runOnlyForDeploymentPostprocessing = 0;
		};
/* End PBXResourcesBuildPhase section */

/* Begin PBXShellScriptBuildPhase section */
		C34D5793254DB1C32C53DCB9 /* [CP] Check Pods Manifest.lock */ = {
			isa = PBXShellScriptBuildPhase;
			buildActionMask = 2147483647;
			files = (
			);
			inputFileListPaths = (
			);
			inputPaths = (
				"${PODS_PODFILE_DIR_PATH}/Podfile.lock",
				"${PODS_ROOT}/Manifest.lock",
			);
			name = "[CP] Check Pods Manifest.lock";
			outputFileListPaths = (
			);
			outputPaths = (
				"$(DERIVED_FILE_DIR)/Pods-DITestApp-checkManifestLockResult.txt",
			);
			runOnlyForDeploymentPostprocessing = 0;
			shellPath = /bin/sh;
			shellScript = "diff \"${PODS_PODFILE_DIR_PATH}/Podfile.lock\" \"${PODS_ROOT}/Manifest.lock\" > /dev/null\nif [ $? != 0 ] ; then\n    # print error to STDERR\n    echo \"error: The sandbox is not in sync with the Podfile.lock. Run 'pod install' or update your CocoaPods installation.\" >&2\n    exit 1\nfi\n# This output is used by Xcode 'outputs' to avoid re-running this script phase.\necho \"SUCCESS\" > \"${SCRIPT_OUTPUT_FILE_0}\"\n";
			showEnvVarsInLog = 0;
		};
		CF3811042A227FFD7BD1D843 /* [CP] Embed Pods Frameworks */ = {
			isa = PBXShellScriptBuildPhase;
			buildActionMask = 2147483647;
			files = (
			);
			inputFileListPaths = (
				"${PODS_ROOT}/Target Support Files/Pods-DITestApp/Pods-DITestApp-frameworks-${CONFIGURATION}-input-files.xcfilelist",
			);
			name = "[CP] Embed Pods Frameworks";
			outputFileListPaths = (
				"${PODS_ROOT}/Target Support Files/Pods-DITestApp/Pods-DITestApp-frameworks-${CONFIGURATION}-output-files.xcfilelist",
			);
			runOnlyForDeploymentPostprocessing = 0;
			shellPath = /bin/sh;
			shellScript = "\"${PODS_ROOT}/Target Support Files/Pods-DITestApp/Pods-DITestApp-frameworks.sh\"\n";
			showEnvVarsInLog = 0;
		};
/* End PBXShellScriptBuildPhase section */

/* Begin PBXSourcesBuildPhase section */
		50BE29B423A25EFE00880C9D /* Sources */ = {
			isa = PBXSourcesBuildPhase;
			buildActionMask = 2147483647;
			files = (
				5062BE1423A2A27B007B5C14 /* NetworkService.swift in Sources */,
				5062BE1623A2A2A0007B5C14 /* StorageService.swift in Sources */,
				50BE29EA23A29AB100880C9D /* SecondViewController.swift in Sources */,
				5062BE1823A2A2E7007B5C14 /* Story2Assembly.swift in Sources */,
				50BE29D623A2978200880C9D /* Router.swift in Sources */,
				50BE29EE23A29AEF00880C9D /* SecondInteractor.swift in Sources */,
				50BE29E923A29AB100880C9D /* InitialViewController.swift in Sources */,
				50BE29DB23A297D900880C9D /* ApplicationAssembly.swift in Sources */,
				50BE29EC23A29AC100880C9D /* InitialInteractor.swift in Sources */,
				50BE29C023A25EFF00880C9D /* ViewController.swift in Sources */,
				50BE29BC23A25EFF00880C9D /* AppDelegate.swift in Sources */,
				50BE29BE23A25EFF00880C9D /* SceneDelegate.swift in Sources */,
				50BE29DD23A297E500880C9D /* StoryAssembly.swift in Sources */,
			);
			runOnlyForDeploymentPostprocessing = 0;
		};
/* End PBXSourcesBuildPhase section */

/* Begin PBXVariantGroup section */
		50BE29C123A25EFF00880C9D /* Main.storyboard */ = {
			isa = PBXVariantGroup;
			children = (
				50BE29C223A25EFF00880C9D /* Base */,
			);
			name = Main.storyboard;
			sourceTree = "<group>";
		};
		50BE29C623A25F0000880C9D /* LaunchScreen.storyboard */ = {
			isa = PBXVariantGroup;
			children = (
				50BE29C723A25F0000880C9D /* Base */,
			);
			name = LaunchScreen.storyboard;
			sourceTree = "<group>";
		};
/* End PBXVariantGroup section */

/* Begin XCBuildConfiguration section */
		50BE29CA23A25F0000880C9D /* Debug */ = {
			isa = XCBuildConfiguration;
			buildSettings = {
				ALWAYS_SEARCH_USER_PATHS = NO;
				CLANG_ANALYZER_NONNULL = YES;
				CLANG_ANALYZER_NUMBER_OBJECT_CONVERSION = YES_AGGRESSIVE;
				CLANG_CXX_LANGUAGE_STANDARD = "gnu++14";
				CLANG_CXX_LIBRARY = "libc++";
				CLANG_ENABLE_MODULES = YES;
				CLANG_ENABLE_OBJC_ARC = YES;
				CLANG_ENABLE_OBJC_WEAK = YES;
				CLANG_WARN_BLOCK_CAPTURE_AUTORELEASING = YES;
				CLANG_WARN_BOOL_CONVERSION = YES;
				CLANG_WARN_COMMA = YES;
				CLANG_WARN_CONSTANT_CONVERSION = YES;
				CLANG_WARN_DEPRECATED_OBJC_IMPLEMENTATIONS = YES;
				CLANG_WARN_DIRECT_OBJC_ISA_USAGE = YES_ERROR;
				CLANG_WARN_DOCUMENTATION_COMMENTS = YES;
				CLANG_WARN_EMPTY_BODY = YES;
				CLANG_WARN_ENUM_CONVERSION = YES;
				CLANG_WARN_INFINITE_RECURSION = YES;
				CLANG_WARN_INT_CONVERSION = YES;
				CLANG_WARN_NON_LITERAL_NULL_CONVERSION = YES;
				CLANG_WARN_OBJC_IMPLICIT_RETAIN_SELF = YES;
				CLANG_WARN_OBJC_LITERAL_CONVERSION = YES;
				CLANG_WARN_OBJC_ROOT_CLASS = YES_ERROR;
				CLANG_WARN_RANGE_LOOP_ANALYSIS = YES;
				CLANG_WARN_STRICT_PROTOTYPES = YES;
				CLANG_WARN_SUSPICIOUS_MOVE = YES;
				CLANG_WARN_UNGUARDED_AVAILABILITY = YES_AGGRESSIVE;
				CLANG_WARN_UNREACHABLE_CODE = YES;
				CLANG_WARN__DUPLICATE_METHOD_MATCH = YES;
				COPY_PHASE_STRIP = NO;
				DEBUG_INFORMATION_FORMAT = dwarf;
				ENABLE_STRICT_OBJC_MSGSEND = YES;
				ENABLE_TESTABILITY = YES;
				GCC_C_LANGUAGE_STANDARD = gnu11;
				GCC_DYNAMIC_NO_PIC = NO;
				GCC_NO_COMMON_BLOCKS = YES;
				GCC_OPTIMIZATION_LEVEL = 0;
				GCC_PREPROCESSOR_DEFINITIONS = (
					"DEBUG=1",
					"$(inherited)",
				);
				GCC_WARN_64_TO_32_BIT_CONVERSION = YES;
				GCC_WARN_ABOUT_RETURN_TYPE = YES_ERROR;
				GCC_WARN_UNDECLARED_SELECTOR = YES;
				GCC_WARN_UNINITIALIZED_AUTOS = YES_AGGRESSIVE;
				GCC_WARN_UNUSED_FUNCTION = YES;
				GCC_WARN_UNUSED_VARIABLE = YES;
				IPHONEOS_DEPLOYMENT_TARGET = 13.2;
				MTL_ENABLE_DEBUG_INFO = INCLUDE_SOURCE;
				MTL_FAST_MATH = YES;
				ONLY_ACTIVE_ARCH = YES;
				SDKROOT = iphoneos;
				SWIFT_ACTIVE_COMPILATION_CONDITIONS = DEBUG;
				SWIFT_OPTIMIZATION_LEVEL = "-Onone";
			};
			name = Debug;
		};
		50BE29CB23A25F0000880C9D /* Release */ = {
			isa = XCBuildConfiguration;
			buildSettings = {
				ALWAYS_SEARCH_USER_PATHS = NO;
				CLANG_ANALYZER_NONNULL = YES;
				CLANG_ANALYZER_NUMBER_OBJECT_CONVERSION = YES_AGGRESSIVE;
				CLANG_CXX_LANGUAGE_STANDARD = "gnu++14";
				CLANG_CXX_LIBRARY = "libc++";
				CLANG_ENABLE_MODULES = YES;
				CLANG_ENABLE_OBJC_ARC = YES;
				CLANG_ENABLE_OBJC_WEAK = YES;
				CLANG_WARN_BLOCK_CAPTURE_AUTORELEASING = YES;
				CLANG_WARN_BOOL_CONVERSION = YES;
				CLANG_WARN_COMMA = YES;
				CLANG_WARN_CONSTANT_CONVERSION = YES;
				CLANG_WARN_DEPRECATED_OBJC_IMPLEMENTATIONS = YES;
				CLANG_WARN_DIRECT_OBJC_ISA_USAGE = YES_ERROR;
				CLANG_WARN_DOCUMENTATION_COMMENTS = YES;
				CLANG_WARN_EMPTY_BODY = YES;
				CLANG_WARN_ENUM_CONVERSION = YES;
				CLANG_WARN_INFINITE_RECURSION = YES;
				CLANG_WARN_INT_CONVERSION = YES;
				CLANG_WARN_NON_LITERAL_NULL_CONVERSION = YES;
				CLANG_WARN_OBJC_IMPLICIT_RETAIN_SELF = YES;
				CLANG_WARN_OBJC_LITERAL_CONVERSION = YES;
				CLANG_WARN_OBJC_ROOT_CLASS = YES_ERROR;
				CLANG_WARN_RANGE_LOOP_ANALYSIS = YES;
				CLANG_WARN_STRICT_PROTOTYPES = YES;
				CLANG_WARN_SUSPICIOUS_MOVE = YES;
				CLANG_WARN_UNGUARDED_AVAILABILITY = YES_AGGRESSIVE;
				CLANG_WARN_UNREACHABLE_CODE = YES;
				CLANG_WARN__DUPLICATE_METHOD_MATCH = YES;
				COPY_PHASE_STRIP = NO;
				DEBUG_INFORMATION_FORMAT = "dwarf-with-dsym";
				ENABLE_NS_ASSERTIONS = NO;
				ENABLE_STRICT_OBJC_MSGSEND = YES;
				GCC_C_LANGUAGE_STANDARD = gnu11;
				GCC_NO_COMMON_BLOCKS = YES;
				GCC_WARN_64_TO_32_BIT_CONVERSION = YES;
				GCC_WARN_ABOUT_RETURN_TYPE = YES_ERROR;
				GCC_WARN_UNDECLARED_SELECTOR = YES;
				GCC_WARN_UNINITIALIZED_AUTOS = YES_AGGRESSIVE;
				GCC_WARN_UNUSED_FUNCTION = YES;
				GCC_WARN_UNUSED_VARIABLE = YES;
				IPHONEOS_DEPLOYMENT_TARGET = 13.2;
				MTL_ENABLE_DEBUG_INFO = NO;
				MTL_FAST_MATH = YES;
				SDKROOT = iphoneos;
				SWIFT_COMPILATION_MODE = wholemodule;
				SWIFT_OPTIMIZATION_LEVEL = "-O";
				VALIDATE_PRODUCT = YES;
			};
			name = Release;
		};
		50BE29CD23A25F0000880C9D /* Debug */ = {
			isa = XCBuildConfiguration;
			baseConfigurationReference = F804B50793D921609C65C3A2 /* Pods-DITestApp.debug.xcconfig */;
			buildSettings = {
				ASSETCATALOG_COMPILER_APPICON_NAME = AppIcon;
				CODE_SIGN_STYLE = Automatic;
				INFOPLIST_FILE = DITestApp/Info.plist;
				LD_RUNPATH_SEARCH_PATHS = (
					"$(inherited)",
					"@executable_path/Frameworks",
				);
				PRODUCT_BUNDLE_IDENTIFIER = com.DITest.DITestApp;
				PRODUCT_NAME = "$(TARGET_NAME)";
				SWIFT_VERSION = 5.0;
				TARGETED_DEVICE_FAMILY = "1,2";
			};
			name = Debug;
		};
		50BE29CE23A25F0000880C9D /* Release */ = {
			isa = XCBuildConfiguration;
			baseConfigurationReference = 4BD4FAD2A53CDB31EE6EB97B /* Pods-DITestApp.release.xcconfig */;
			buildSettings = {
				ASSETCATALOG_COMPILER_APPICON_NAME = AppIcon;
				CODE_SIGN_STYLE = Automatic;
				INFOPLIST_FILE = DITestApp/Info.plist;
				LD_RUNPATH_SEARCH_PATHS = (
					"$(inherited)",
					"@executable_path/Frameworks",
				);
				PRODUCT_BUNDLE_IDENTIFIER = com.DITest.DITestApp;
				PRODUCT_NAME = "$(TARGET_NAME)";
				SWIFT_VERSION = 5.0;
				TARGETED_DEVICE_FAMILY = "1,2";
			};
			name = Release;
		};
/* End XCBuildConfiguration section */

/* Begin XCConfigurationList section */
		50BE29B323A25EFE00880C9D /* Build configuration list for PBXProject "DITestApp" */ = {
			isa = XCConfigurationList;
			buildConfigurations = (
				50BE29CA23A25F0000880C9D /* Debug */,
				50BE29CB23A25F0000880C9D /* Release */,
			);
			defaultConfigurationIsVisible = 0;
			defaultConfigurationName = Release;
		};
		50BE29CC23A25F0000880C9D /* Build configuration list for PBXNativeTarget "DITestApp" */ = {
			isa = XCConfigurationList;
			buildConfigurations = (
				50BE29CD23A25F0000880C9D /* Debug */,
				50BE29CE23A25F0000880C9D /* Release */,
			);
			defaultConfigurationIsVisible = 0;
			defaultConfigurationName = Release;
		};
/* End XCConfigurationList section */
	};
	rootObject = 50BE29B023A25EFE00880C9D /* Project object */;
}
